// !$*UTF8*$!
{
	archiveVersion = 1;
	classes = {
	};
	objectVersion = 46;
	objects = {

/* Begin PBXBuildFile section */
		386520B5D9752DD463758155 /* libPods-Hitch.a in Frameworks */ = {isa = PBXBuildFile; fileRef = DE07EE5180C4CB9D3FA9B7AA /* libPods-Hitch.a */; };
		71BEEB781F3EEB5C000C0F15 /* User.swift in Sources */ = {isa = PBXBuildFile; fileRef = 71BEEB771F3EEB5C000C0F15 /* User.swift */; };
		71BEEB7A1F3EEBC4000C0F15 /* Event.swift in Sources */ = {isa = PBXBuildFile; fileRef = 71BEEB791F3EEBC4000C0F15 /* Event.swift */; };
		BD25F3D01F21E65F000B5487 /* SFProDisplay-Bold.otf in Resources */ = {isa = PBXBuildFile; fileRef = BD25F3CF1F21E65F000B5487 /* SFProDisplay-Bold.otf */; };
		BD44B1D41F1F5268008324C2 /* AppDelegate.swift in Sources */ = {isa = PBXBuildFile; fileRef = BD44B1D31F1F5268008324C2 /* AppDelegate.swift */; };
		BD44B1D61F1F5268008324C2 /* ViewController.swift in Sources */ = {isa = PBXBuildFile; fileRef = BD44B1D51F1F5268008324C2 /* ViewController.swift */; };
		BD44B1DB1F1F5268008324C2 /* Assets.xcassets in Resources */ = {isa = PBXBuildFile; fileRef = BD44B1DA1F1F5268008324C2 /* Assets.xcassets */; };
		BD44B1DE1F1F5268008324C2 /* LaunchScreen.storyboard in Resources */ = {isa = PBXBuildFile; fileRef = BD44B1DC1F1F5268008324C2 /* LaunchScreen.storyboard */; };
		BD5792D11F402BF100E4AC30 /* Main.storyboard in Resources */ = {isa = PBXBuildFile; fileRef = BD5792CF1F402BF100E4AC30 /* Main.storyboard */; };
		BD5792E01F40370700E4AC30 /* contacts_2x.png in Resources */ = {isa = PBXBuildFile; fileRef = BD5792DC1F40370700E4AC30 /* contacts_2x.png */; };
		BD5792E11F40370700E4AC30 /* mostviewed_2x.png in Resources */ = {isa = PBXBuildFile; fileRef = BD5792DD1F40370700E4AC30 /* mostviewed_2x.png */; };
		BD5792E21F40370700E4AC30 /* compose_2x.png in Resources */ = {isa = PBXBuildFile; fileRef = BD5792DE1F40370700E4AC30 /* compose_2x.png */; };
		BD5792E31F40370700E4AC30 /* map_2x.png in Resources */ = {isa = PBXBuildFile; fileRef = BD5792DF1F40370700E4AC30 /* map_2x.png */; };
		BD5792F71F41752F00E4AC30 /* IconBlank.png in Resources */ = {isa = PBXBuildFile; fileRef = BD5792F61F41752F00E4AC30 /* IconBlank.png */; };
		BD8514B51F8E1E8200DA4971 /* TimeLineView.swift in Sources */ = {isa = PBXBuildFile; fileRef = BD8514B41F8E1E8200DA4971 /* TimeLineView.swift */; };
		BD8514B81F8E22C300DA4971 /* Register.png in Resources */ = {isa = PBXBuildFile; fileRef = BD8514B61F8E22B100DA4971 /* Register.png */; };
		BD8514B91F8E22CA00DA4971 /* Register-Pressed.png in Resources */ = {isa = PBXBuildFile; fileRef = BD8514B71F8E22B600DA4971 /* Register-Pressed.png */; };
		BD8514C21F8E2F3600DA4971 /* StartingButtonLightPressed.png in Resources */ = {isa = PBXBuildFile; fileRef = BD8514C01F8E2F0F00DA4971 /* StartingButtonLightPressed.png */; };
		BD8514C31F8E2F3900DA4971 /* StartingButtonLight.png in Resources */ = {isa = PBXBuildFile; fileRef = BD8514C11F8E2F0F00DA4971 /* StartingButtonLight.png */; };
		BD8514C51F8E3A2C00DA4971 /* textbg.png in Resources */ = {isa = PBXBuildFile; fileRef = BD8514C41F8E2FC800DA4971 /* textbg.png */; };
		BDAB00D81F8CE6B900CBDEF8 /* LargeButton.swift in Sources */ = {isa = PBXBuildFile; fileRef = BDAB00D71F8CE6B900CBDEF8 /* LargeButton.swift */; };
		BDAB00E41F8D09C100CBDEF8 /* Button-Dark-Pressed.png in Resources */ = {isa = PBXBuildFile; fileRef = BDAB00D11F8CE11B00CBDEF8 /* Button-Dark-Pressed.png */; };
		BDAB00E51F8D09C100CBDEF8 /* Button-Dark.png in Resources */ = {isa = PBXBuildFile; fileRef = BDAB00D61F8CE11E00CBDEF8 /* Button-Dark.png */; };
		BDAB00E61F8D09C100CBDEF8 /* Button-Light-Pressed.png in Resources */ = {isa = PBXBuildFile; fileRef = BDAB00D41F8CE11D00CBDEF8 /* Button-Light-Pressed.png */; };
		BDAB00E71F8D09C100CBDEF8 /* Button-Light.png in Resources */ = {isa = PBXBuildFile; fileRef = BDAB00CF1F8CE11A00CBDEF8 /* Button-Light.png */; };
		BDAB00E81F8D09C100CBDEF8 /* Icon.png in Resources */ = {isa = PBXBuildFile; fileRef = BDAB00D51F8CE11D00CBDEF8 /* Icon.png */; };
		BDAB00E91F8D09C100CBDEF8 /* StartingButtonDarkPressed.png in Resources */ = {isa = PBXBuildFile; fileRef = BDAB00CC1F8CE11900CBDEF8 /* StartingButtonDarkPressed.png */; };
		BDAB00EA1F8D09C100CBDEF8 /* StartingButtonDark.png in Resources */ = {isa = PBXBuildFile; fileRef = BDAB00D21F8CE11C00CBDEF8 /* StartingButtonDark.png */; };
		BDAB00ED1F8D09C100CBDEF8 /* Window-Dark.png in Resources */ = {isa = PBXBuildFile; fileRef = BDAB00D31F8CE11C00CBDEF8 /* Window-Dark.png */; };
		BDAB00EE1F8D09C100CBDEF8 /* Window-Light.png in Resources */ = {isa = PBXBuildFile; fileRef = BDAB00CE1F8CE11A00CBDEF8 /* Window-Light.png */; };
/* End PBXBuildFile section */

/* Begin PBXFileReference section */
		71BEEB771F3EEB5C000C0F15 /* User.swift */ = {isa = PBXFileReference; lastKnownFileType = sourcecode.swift; path = User.swift; sourceTree = "<group>"; };
		71BEEB791F3EEBC4000C0F15 /* Event.swift */ = {isa = PBXFileReference; lastKnownFileType = sourcecode.swift; path = Event.swift; sourceTree = "<group>"; };
		97B6382E04D54A7FDE38AFE4 /* Pods-Hitch.debug.xcconfig */ = {isa = PBXFileReference; includeInIndex = 1; lastKnownFileType = text.xcconfig; name = "Pods-Hitch.debug.xcconfig"; path = "Pods/Target Support Files/Pods-Hitch/Pods-Hitch.debug.xcconfig"; sourceTree = "<group>"; };
		BD25F3CF1F21E65F000B5487 /* SFProDisplay-Bold.otf */ = {isa = PBXFileReference; lastKnownFileType = file; path = "SFProDisplay-Bold.otf"; sourceTree = "<group>"; };
		BD44B1D01F1F5268008324C2 /* Hitch.app */ = {isa = PBXFileReference; explicitFileType = wrapper.application; includeInIndex = 0; path = Hitch.app; sourceTree = BUILT_PRODUCTS_DIR; };
		BD44B1D31F1F5268008324C2 /* AppDelegate.swift */ = {isa = PBXFileReference; lastKnownFileType = sourcecode.swift; path = AppDelegate.swift; sourceTree = "<group>"; };
		BD44B1D51F1F5268008324C2 /* ViewController.swift */ = {isa = PBXFileReference; lastKnownFileType = sourcecode.swift; path = ViewController.swift; sourceTree = "<group>"; };
		BD44B1DA1F1F5268008324C2 /* Assets.xcassets */ = {isa = PBXFileReference; lastKnownFileType = folder.assetcatalog; path = Assets.xcassets; sourceTree = "<group>"; };
		BD44B1DD1F1F5268008324C2 /* Base */ = {isa = PBXFileReference; lastKnownFileType = file.storyboard; name = Base; path = Base.lproj/LaunchScreen.storyboard; sourceTree = "<group>"; };
		BD44B1DF1F1F5268008324C2 /* Info.plist */ = {isa = PBXFileReference; lastKnownFileType = text.plist.xml; path = Info.plist; sourceTree = "<group>"; };
		BD44B1E61F1F52EA008324C2 /* MAMapKit.framework */ = {isa = PBXFileReference; lastKnownFileType = wrapper.framework; name = MAMapKit.framework; path = ../../Downloads/MAMapKit.framework; sourceTree = "<group>"; };
		BD44B1E81F1F52FB008324C2 /* AMapFoundationKit.framework */ = {isa = PBXFileReference; lastKnownFileType = wrapper.framework; name = AMapFoundationKit.framework; path = ../../Downloads/AMapFoundationKit.framework; sourceTree = "<group>"; };
		BD44B1EB1F209728008324C2 /* Hitch-Bridging-Header.h */ = {isa = PBXFileReference; lastKnownFileType = sourcecode.c.h; path = "Hitch-Bridging-Header.h"; sourceTree = "<group>"; };
		BD5792D01F402BF100E4AC30 /* Base */ = {isa = PBXFileReference; lastKnownFileType = file.storyboard; name = Base; path = Base.lproj/Main.storyboard; sourceTree = "<group>"; };
		BD5792DC1F40370700E4AC30 /* contacts_2x.png */ = {isa = PBXFileReference; lastKnownFileType = image.png; path = contacts_2x.png; sourceTree = "<group>"; };
		BD5792DD1F40370700E4AC30 /* mostviewed_2x.png */ = {isa = PBXFileReference; lastKnownFileType = image.png; path = mostviewed_2x.png; sourceTree = "<group>"; };
		BD5792DE1F40370700E4AC30 /* compose_2x.png */ = {isa = PBXFileReference; lastKnownFileType = image.png; path = compose_2x.png; sourceTree = "<group>"; };
		BD5792DF1F40370700E4AC30 /* map_2x.png */ = {isa = PBXFileReference; lastKnownFileType = image.png; path = map_2x.png; sourceTree = "<group>"; };
		BD5792F61F41752F00E4AC30 /* IconBlank.png */ = {isa = PBXFileReference; lastKnownFileType = image.png; path = IconBlank.png; sourceTree = "<group>"; };
		BD8514B41F8E1E8200DA4971 /* TimeLineView.swift */ = {isa = PBXFileReference; lastKnownFileType = sourcecode.swift; path = TimeLineView.swift; sourceTree = "<group>"; };
		BD8514B61F8E22B100DA4971 /* Register.png */ = {isa = PBXFileReference; lastKnownFileType = image.png; path = Register.png; sourceTree = "<group>"; };
		BD8514B71F8E22B600DA4971 /* Register-Pressed.png */ = {isa = PBXFileReference; lastKnownFileType = image.png; path = "Register-Pressed.png"; sourceTree = "<group>"; };
		BD8514C01F8E2F0F00DA4971 /* StartingButtonLightPressed.png */ = {isa = PBXFileReference; lastKnownFileType = image.png; path = StartingButtonLightPressed.png; sourceTree = "<group>"; };
		BD8514C11F8E2F0F00DA4971 /* StartingButtonLight.png */ = {isa = PBXFileReference; lastKnownFileType = image.png; path = StartingButtonLight.png; sourceTree = "<group>"; };
		BD8514C41F8E2FC800DA4971 /* textbg.png */ = {isa = PBXFileReference; lastKnownFileType = image.png; path = textbg.png; sourceTree = "<group>"; };
		BDAB00CC1F8CE11900CBDEF8 /* StartingButtonDarkPressed.png */ = {isa = PBXFileReference; lastKnownFileType = image.png; path = StartingButtonDarkPressed.png; sourceTree = "<group>"; };
		BDAB00CE1F8CE11A00CBDEF8 /* Window-Light.png */ = {isa = PBXFileReference; lastKnownFileType = image.png; path = "Window-Light.png"; sourceTree = "<group>"; };
		BDAB00CF1F8CE11A00CBDEF8 /* Button-Light.png */ = {isa = PBXFileReference; lastKnownFileType = image.png; path = "Button-Light.png"; sourceTree = "<group>"; };
		BDAB00D11F8CE11B00CBDEF8 /* Button-Dark-Pressed.png */ = {isa = PBXFileReference; lastKnownFileType = image.png; path = "Button-Dark-Pressed.png"; sourceTree = "<group>"; };
		BDAB00D21F8CE11C00CBDEF8 /* StartingButtonDark.png */ = {isa = PBXFileReference; lastKnownFileType = image.png; path = StartingButtonDark.png; sourceTree = "<group>"; };
		BDAB00D31F8CE11C00CBDEF8 /* Window-Dark.png */ = {isa = PBXFileReference; lastKnownFileType = image.png; path = "Window-Dark.png"; sourceTree = "<group>"; };
		BDAB00D41F8CE11D00CBDEF8 /* Button-Light-Pressed.png */ = {isa = PBXFileReference; lastKnownFileType = image.png; path = "Button-Light-Pressed.png"; sourceTree = "<group>"; };
		BDAB00D51F8CE11D00CBDEF8 /* Icon.png */ = {isa = PBXFileReference; lastKnownFileType = image.png; path = Icon.png; sourceTree = "<group>"; };
		BDAB00D61F8CE11E00CBDEF8 /* Button-Dark.png */ = {isa = PBXFileReference; lastKnownFileType = image.png; path = "Button-Dark.png"; sourceTree = "<group>"; };
		BDAB00D71F8CE6B900CBDEF8 /* LargeButton.swift */ = {isa = PBXFileReference; lastKnownFileType = sourcecode.swift; path = LargeButton.swift; sourceTree = "<group>"; };
		CBD1AAC53FBF28FEB3E7D873 /* Pods-Hitch.release.xcconfig */ = {isa = PBXFileReference; includeInIndex = 1; lastKnownFileType = text.xcconfig; name = "Pods-Hitch.release.xcconfig"; path = "Pods/Target Support Files/Pods-Hitch/Pods-Hitch.release.xcconfig"; sourceTree = "<group>"; };
		DE07EE5180C4CB9D3FA9B7AA /* libPods-Hitch.a */ = {isa = PBXFileReference; explicitFileType = archive.ar; includeInIndex = 0; path = "libPods-Hitch.a"; sourceTree = BUILT_PRODUCTS_DIR; };
/* End PBXFileReference section */

/* Begin PBXFrameworksBuildPhase section */
		BD44B1CD1F1F5268008324C2 /* Frameworks */ = {
			isa = PBXFrameworksBuildPhase;
			buildActionMask = 2147483647;
			files = (
				386520B5D9752DD463758155 /* libPods-Hitch.a in Frameworks */,
			);
			runOnlyForDeploymentPostprocessing = 0;
		};
/* End PBXFrameworksBuildPhase section */

/* Begin PBXGroup section */
		650FDE2A47865391AF746BFA /* Pods */ = {
			isa = PBXGroup;
			children = (
				97B6382E04D54A7FDE38AFE4 /* Pods-Hitch.debug.xcconfig */,
				CBD1AAC53FBF28FEB3E7D873 /* Pods-Hitch.release.xcconfig */,
			);
			name = Pods;
			sourceTree = "<group>";
		};
		BD44B1C71F1F5268008324C2 = {
			isa = PBXGroup;
			children = (
				BD44B2011F21CBE2008324C2 /* UI */,
				BD44B1D21F1F5268008324C2 /* Hitch */,
				BD44B1D11F1F5268008324C2 /* Products */,
				BD44B1E51F1F52EA008324C2 /* Frameworks */,
				650FDE2A47865391AF746BFA /* Pods */,
			);
			sourceTree = "<group>";
		};
		BD44B1D11F1F5268008324C2 /* Products */ = {
			isa = PBXGroup;
			children = (
				BD44B1D01F1F5268008324C2 /* Hitch.app */,
			);
			name = Products;
			sourceTree = "<group>";
		};
		BD44B1D21F1F5268008324C2 /* Hitch */ = {
			isa = PBXGroup;
			children = (
				BD44B1D31F1F5268008324C2 /* AppDelegate.swift */,
				BD44B1D51F1F5268008324C2 /* ViewController.swift */,
				BD44B1DA1F1F5268008324C2 /* Assets.xcassets */,
				BD5792DC1F40370700E4AC30 /* contacts_2x.png */,
				BD5792DD1F40370700E4AC30 /* mostviewed_2x.png */,
				BD5792DE1F40370700E4AC30 /* compose_2x.png */,
				BD5792DF1F40370700E4AC30 /* map_2x.png */,
				BD5792F61F41752F00E4AC30 /* IconBlank.png */,
				BD5792CF1F402BF100E4AC30 /* Main.storyboard */,
				BD44B1DC1F1F5268008324C2 /* LaunchScreen.storyboard */,
				BD44B1DF1F1F5268008324C2 /* Info.plist */,
				BD44B1EB1F209728008324C2 /* Hitch-Bridging-Header.h */,
				71BEEB771F3EEB5C000C0F15 /* User.swift */,
				71BEEB791F3EEBC4000C0F15 /* Event.swift */,
			);
			path = Hitch;
			sourceTree = "<group>";
		};
		BD44B1E51F1F52EA008324C2 /* Frameworks */ = {
			isa = PBXGroup;
			children = (
				BD44B1E81F1F52FB008324C2 /* AMapFoundationKit.framework */,
				BD44B1E61F1F52EA008324C2 /* MAMapKit.framework */,
				DE07EE5180C4CB9D3FA9B7AA /* libPods-Hitch.a */,
			);
			name = Frameworks;
			sourceTree = "<group>";
		};
		BD44B2011F21CBE2008324C2 /* UI */ = {
			isa = PBXGroup;
			children = (
				BD25F3CF1F21E65F000B5487 /* SFProDisplay-Bold.otf */,
				BDAB00D71F8CE6B900CBDEF8 /* LargeButton.swift */,
				BD8514B41F8E1E8200DA4971 /* TimeLineView.swift */,
				BDAB00D11F8CE11B00CBDEF8 /* Button-Dark-Pressed.png */,
				BDAB00D61F8CE11E00CBDEF8 /* Button-Dark.png */,
				BDAB00D41F8CE11D00CBDEF8 /* Button-Light-Pressed.png */,
				BDAB00CF1F8CE11A00CBDEF8 /* Button-Light.png */,
				BDAB00D51F8CE11D00CBDEF8 /* Icon.png */,
				BD8514C01F8E2F0F00DA4971 /* StartingButtonLightPressed.png */,
				BD8514C11F8E2F0F00DA4971 /* StartingButtonLight.png */,
				BDAB00CC1F8CE11900CBDEF8 /* StartingButtonDarkPressed.png */,
				BDAB00D21F8CE11C00CBDEF8 /* StartingButtonDark.png */,
				BDAB00D31F8CE11C00CBDEF8 /* Window-Dark.png */,
				BDAB00CE1F8CE11A00CBDEF8 /* Window-Light.png */,
				BD8514B61F8E22B100DA4971 /* Register.png */,
				BD8514B71F8E22B600DA4971 /* Register-Pressed.png */,
				BD8514C41F8E2FC800DA4971 /* textbg.png */,
			);
			name = UI;
			sourceTree = "<group>";
		};
/* End PBXGroup section */

/* Begin PBXNativeTarget section */
		BD44B1CF1F1F5268008324C2 /* Hitch */ = {
			isa = PBXNativeTarget;
			buildConfigurationList = BD44B1E21F1F5268008324C2 /* Build configuration list for PBXNativeTarget "Hitch" */;
			buildPhases = (
				B0822BA053DDFF3B64F57C34 /* [CP] Check Pods Manifest.lock */,
				BD44B1CC1F1F5268008324C2 /* Sources */,
				BD44B1CD1F1F5268008324C2 /* Frameworks */,
				BD44B1CE1F1F5268008324C2 /* Resources */,
				278631C70F0F8EABE900CC6E /* [CP] Embed Pods Frameworks */,
				FF0815EE54744810439F2F04 /* [CP] Copy Pods Resources */,
			);
			buildRules = (
			);
			dependencies = (
			);
			name = Hitch;
			productName = Hitch;
			productReference = BD44B1D01F1F5268008324C2 /* Hitch.app */;
			productType = "com.apple.product-type.application";
		};
/* End PBXNativeTarget section */

/* Begin PBXProject section */
		BD44B1C81F1F5268008324C2 /* Project object */ = {
			isa = PBXProject;
			attributes = {
				LastSwiftUpdateCheck = 0830;
				LastUpgradeCheck = 0900;
				ORGANIZATIONNAME = geek;
				TargetAttributes = {
					BD44B1CF1F1F5268008324C2 = {
						CreatedOnToolsVersion = 8.3;
						DevelopmentTeam = DXHFQAJZ38;
						LastSwiftMigration = 0900;
						ProvisioningStyle = Automatic;
					};
				};
			};
			buildConfigurationList = BD44B1CB1F1F5268008324C2 /* Build configuration list for PBXProject "Hitch" */;
			compatibilityVersion = "Xcode 3.2";
			developmentRegion = English;
			hasScannedForEncodings = 0;
			knownRegions = (
				en,
				Base,
			);
			mainGroup = BD44B1C71F1F5268008324C2;
			productRefGroup = BD44B1D11F1F5268008324C2 /* Products */;
			projectDirPath = "";
			projectRoot = "";
			targets = (
				BD44B1CF1F1F5268008324C2 /* Hitch */,
			);
		};
/* End PBXProject section */

/* Begin PBXResourcesBuildPhase section */
		BD44B1CE1F1F5268008324C2 /* Resources */ = {
			isa = PBXResourcesBuildPhase;
			buildActionMask = 2147483647;
			files = (
				BD8514C51F8E3A2C00DA4971 /* textbg.png in Resources */,
				BD8514C31F8E2F3900DA4971 /* StartingButtonLight.png in Resources */,
				BD8514C21F8E2F3600DA4971 /* StartingButtonLightPressed.png in Resources */,
				BD8514B91F8E22CA00DA4971 /* Register-Pressed.png in Resources */,
				BD8514B81F8E22C300DA4971 /* Register.png in Resources */,
				BDAB00E41F8D09C100CBDEF8 /* Button-Dark-Pressed.png in Resources */,
				BDAB00E51F8D09C100CBDEF8 /* Button-Dark.png in Resources */,
				BDAB00E61F8D09C100CBDEF8 /* Button-Light-Pressed.png in Resources */,
				BDAB00E71F8D09C100CBDEF8 /* Button-Light.png in Resources */,
				BDAB00E81F8D09C100CBDEF8 /* Icon.png in Resources */,
				BDAB00E91F8D09C100CBDEF8 /* StartingButtonDarkPressed.png in Resources */,
				BDAB00EA1F8D09C100CBDEF8 /* StartingButtonDark.png in Resources */,
				BDAB00ED1F8D09C100CBDEF8 /* Window-Dark.png in Resources */,
				BDAB00EE1F8D09C100CBDEF8 /* Window-Light.png in Resources */,
				BD44B1DE1F1F5268008324C2 /* LaunchScreen.storyboard in Resources */,
				BD44B1DB1F1F5268008324C2 /* Assets.xcassets in Resources */,
				BD5792E11F40370700E4AC30 /* mostviewed_2x.png in Resources */,
				BD5792F71F41752F00E4AC30 /* IconBlank.png in Resources */,
				BD5792E01F40370700E4AC30 /* contacts_2x.png in Resources */,
				BD25F3D01F21E65F000B5487 /* SFProDisplay-Bold.otf in Resources */,
				BD5792E21F40370700E4AC30 /* compose_2x.png in Resources */,
				BD5792E31F40370700E4AC30 /* map_2x.png in Resources */,
				BD5792D11F402BF100E4AC30 /* Main.storyboard in Resources */,
			);
			runOnlyForDeploymentPostprocessing = 0;
		};
/* End PBXResourcesBuildPhase section */

/* Begin PBXShellScriptBuildPhase section */
		278631C70F0F8EABE900CC6E /* [CP] Embed Pods Frameworks */ = {
			isa = PBXShellScriptBuildPhase;
			buildActionMask = 2147483647;
			files = (
			);
			inputPaths = (
			);
			name = "[CP] Embed Pods Frameworks";
			outputPaths = (
			);
			runOnlyForDeploymentPostprocessing = 0;
			shellPath = /bin/sh;
			shellScript = "\"${SRCROOT}/Pods/Target Support Files/Pods-Hitch/Pods-Hitch-frameworks.sh\"\n";
			showEnvVarsInLog = 0;
		};
		B0822BA053DDFF3B64F57C34 /* [CP] Check Pods Manifest.lock */ = {
			isa = PBXShellScriptBuildPhase;
			buildActionMask = 2147483647;
			files = (
			);
			inputPaths = (
			);
			name = "[CP] Check Pods Manifest.lock";
			outputPaths = (
			);
			runOnlyForDeploymentPostprocessing = 0;
			shellPath = /bin/sh;
			shellScript = "diff \"${PODS_PODFILE_DIR_PATH}/Podfile.lock\" \"${PODS_ROOT}/Manifest.lock\" > /dev/null\nif [ $? != 0 ] ; then\n    # print error to STDERR\n    echo \"error: The sandbox is not in sync with the Podfile.lock. Run 'pod install' or update your CocoaPods installation.\" >&2\n    exit 1\nfi\n";
			showEnvVarsInLog = 0;
		};
		FF0815EE54744810439F2F04 /* [CP] Copy Pods Resources */ = {
			isa = PBXShellScriptBuildPhase;
			buildActionMask = 2147483647;
			files = (
			);
			inputPaths = (
			);
			name = "[CP] Copy Pods Resources";
			outputPaths = (
			);
			runOnlyForDeploymentPostprocessing = 0;
			shellPath = /bin/sh;
			shellScript = "\"${SRCROOT}/Pods/Target Support Files/Pods-Hitch/Pods-Hitch-resources.sh\"\n";
			showEnvVarsInLog = 0;
		};
/* End PBXShellScriptBuildPhase section */

/* Begin PBXSourcesBuildPhase section */
		BD44B1CC1F1F5268008324C2 /* Sources */ = {
			isa = PBXSourcesBuildPhase;
			buildActionMask = 2147483647;
			files = (
				BD44B1D61F1F5268008324C2 /* ViewController.swift in Sources */,
				BDAB00D81F8CE6B900CBDEF8 /* LargeButton.swift in Sources */,
				71BEEB7A1F3EEBC4000C0F15 /* Event.swift in Sources */,
				BD8514B51F8E1E8200DA4971 /* TimeLineView.swift in Sources */,
				BD44B1D41F1F5268008324C2 /* AppDelegate.swift in Sources */,
				71BEEB781F3EEB5C000C0F15 /* User.swift in Sources */,
			);
			runOnlyForDeploymentPostprocessing = 0;
		};
/* End PBXSourcesBuildPhase section */

/* Begin PBXVariantGroup section */
		BD44B1DC1F1F5268008324C2 /* LaunchScreen.storyboard */ = {
			isa = PBXVariantGroup;
			children = (
				BD44B1DD1F1F5268008324C2 /* Base */,
			);
			name = LaunchScreen.storyboard;
			sourceTree = "<group>";
		};
		BD5792CF1F402BF100E4AC30 /* Main.storyboard */ = {
			isa = PBXVariantGroup;
			children = (
				BD5792D01F402BF100E4AC30 /* Base */,
			);
			name = Main.storyboard;
			sourceTree = "<group>";
		};
/* End PBXVariantGroup section */

/* Begin XCBuildConfiguration section */
		BD44B1E01F1F5268008324C2 /* Debug */ = {
			isa = XCBuildConfiguration;
			buildSettings = {
				ALWAYS_SEARCH_USER_PATHS = NO;
				CLANG_ANALYZER_NONNULL = YES;
				CLANG_ANALYZER_NUMBER_OBJECT_CONVERSION = YES_AGGRESSIVE;
				CLANG_CXX_LANGUAGE_STANDARD = "gnu++0x";
				CLANG_CXX_LIBRARY = "libc++";
				CLANG_ENABLE_MODULES = YES;
				CLANG_ENABLE_OBJC_ARC = YES;
				CLANG_WARN_BLOCK_CAPTURE_AUTORELEASING = YES;
				CLANG_WARN_BOOL_CONVERSION = YES;
				CLANG_WARN_COMMA = YES;
				CLANG_WARN_CONSTANT_CONVERSION = YES;
				CLANG_WARN_DIRECT_OBJC_ISA_USAGE = YES_ERROR;
				CLANG_WARN_DOCUMENTATION_COMMENTS = YES;
				CLANG_WARN_EMPTY_BODY = YES;
				CLANG_WARN_ENUM_CONVERSION = YES;
				CLANG_WARN_INFINITE_RECURSION = YES;
				CLANG_WARN_INT_CONVERSION = YES;
				CLANG_WARN_NON_LITERAL_NULL_CONVERSION = YES;
				CLANG_WARN_OBJC_LITERAL_CONVERSION = YES;
				CLANG_WARN_OBJC_ROOT_CLASS = YES_ERROR;
				CLANG_WARN_RANGE_LOOP_ANALYSIS = YES;
				CLANG_WARN_STRICT_PROTOTYPES = YES;
				CLANG_WARN_SUSPICIOUS_MOVE = YES;
				CLANG_WARN_UNREACHABLE_CODE = YES;
				CLANG_WARN__DUPLICATE_METHOD_MATCH = YES;
				"CODE_SIGN_IDENTITY[sdk=iphoneos*]" = "iPhone Developer";
				COPY_PHASE_STRIP = NO;
				DEBUG_INFORMATION_FORMAT = dwarf;
				ENABLE_STRICT_OBJC_MSGSEND = YES;
				ENABLE_TESTABILITY = YES;
				GCC_C_LANGUAGE_STANDARD = gnu99;
				GCC_DYNAMIC_NO_PIC = NO;
				GCC_NO_COMMON_BLOCKS = YES;
				GCC_OPTIMIZATION_LEVEL = 0;
				GCC_PREPROCESSOR_DEFINITIONS = (
					"DEBUG=1",
					"$(inherited)",
				);
				GCC_WARN_64_TO_32_BIT_CONVERSION = YES;
				GCC_WARN_ABOUT_RETURN_TYPE = YES_ERROR;
				GCC_WARN_UNDECLARED_SELECTOR = YES;
				GCC_WARN_UNINITIALIZED_AUTOS = YES_AGGRESSIVE;
				GCC_WARN_UNUSED_FUNCTION = YES;
				GCC_WARN_UNUSED_VARIABLE = YES;
				IPHONEOS_DEPLOYMENT_TARGET = 10.3;
				MTL_ENABLE_DEBUG_INFO = YES;
				ONLY_ACTIVE_ARCH = YES;
				SDKROOT = iphoneos;
				SWIFT_ACTIVE_COMPILATION_CONDITIONS = DEBUG;
				SWIFT_OPTIMIZATION_LEVEL = "-Onone";
			};
			name = Debug;
		};
		BD44B1E11F1F5268008324C2 /* Release */ = {
			isa = XCBuildConfiguration;
			buildSettings = {
				ALWAYS_SEARCH_USER_PATHS = NO;
				CLANG_ANALYZER_NONNULL = YES;
				CLANG_ANALYZER_NUMBER_OBJECT_CONVERSION = YES_AGGRESSIVE;
				CLANG_CXX_LANGUAGE_STANDARD = "gnu++0x";
				CLANG_CXX_LIBRARY = "libc++";
				CLANG_ENABLE_MODULES = YES;
				CLANG_ENABLE_OBJC_ARC = YES;
				CLANG_WARN_BLOCK_CAPTURE_AUTORELEASING = YES;
				CLANG_WARN_BOOL_CONVERSION = YES;
				CLANG_WARN_COMMA = YES;
				CLANG_WARN_CONSTANT_CONVERSION = YES;
				CLANG_WARN_DIRECT_OBJC_ISA_USAGE = YES_ERROR;
				CLANG_WARN_DOCUMENTATION_COMMENTS = YES;
				CLANG_WARN_EMPTY_BODY = YES;
				CLANG_WARN_ENUM_CONVERSION = YES;
				CLANG_WARN_INFINITE_RECURSION = YES;
				CLANG_WARN_INT_CONVERSION = YES;
				CLANG_WARN_NON_LITERAL_NULL_CONVERSION = YES;
				CLANG_WARN_OBJC_LITERAL_CONVERSION = YES;
				CLANG_WARN_OBJC_ROOT_CLASS = YES_ERROR;
				CLANG_WARN_RANGE_LOOP_ANALYSIS = YES;
				CLANG_WARN_STRICT_PROTOTYPES = YES;
				CLANG_WARN_SUSPICIOUS_MOVE = YES;
				CLANG_WARN_UNREACHABLE_CODE = YES;
				CLANG_WARN__DUPLICATE_METHOD_MATCH = YES;
				"CODE_SIGN_IDENTITY[sdk=iphoneos*]" = "iPhone Developer";
				COPY_PHASE_STRIP = NO;
				DEBUG_INFORMATION_FORMAT = "dwarf-with-dsym";
				ENABLE_NS_ASSERTIONS = NO;
				ENABLE_STRICT_OBJC_MSGSEND = YES;
				GCC_C_LANGUAGE_STANDARD = gnu99;
				GCC_NO_COMMON_BLOCKS = YES;
				GCC_WARN_64_TO_32_BIT_CONVERSION = YES;
				GCC_WARN_ABOUT_RETURN_TYPE = YES_ERROR;
				GCC_WARN_UNDECLARED_SELECTOR = YES;
				GCC_WARN_UNINITIALIZED_AUTOS = YES_AGGRESSIVE;
				GCC_WARN_UNUSED_FUNCTION = YES;
				GCC_WARN_UNUSED_VARIABLE = YES;
				IPHONEOS_DEPLOYMENT_TARGET = 10.3;
				MTL_ENABLE_DEBUG_INFO = NO;
				SDKROOT = iphoneos;
				SWIFT_OPTIMIZATION_LEVEL = "-Owholemodule";
				VALIDATE_PRODUCT = YES;
			};
			name = Release;
		};
		BD44B1E31F1F5268008324C2 /* Debug */ = {
			isa = XCBuildConfiguration;
			baseConfigurationReference = 97B6382E04D54A7FDE38AFE4 /* Pods-Hitch.debug.xcconfig */;
			buildSettings = {
				ASSETCATALOG_COMPILER_APPICON_NAME = AppIcon;
				CLANG_ENABLE_MODULES = YES;
				DEVELOPMENT_TEAM = DXHFQAJZ38;
				INFOPLIST_FILE = Hitch/Info.plist;
				LD_RUNPATH_SEARCH_PATHS = "$(inherited) @executable_path/Frameworks";
				PRODUCT_BUNDLE_IDENTIFIER = com.geek.Hitch;
				PRODUCT_NAME = "$(TARGET_NAME)";
				SWIFT_OBJC_BRIDGING_HEADER = "Hitch/Hitch-Bridging-Header.h";
				SWIFT_OPTIMIZATION_LEVEL = "-Onone";
				SWIFT_SWIFT3_OBJC_INFERENCE = On;
				SWIFT_VERSION = 4.0;
				TARGETED_DEVICE_FAMILY = 1;
			};
			name = Debug;
		};
		BD44B1E41F1F5268008324C2 /* Release */ = {
			isa = XCBuildConfiguration;
			baseConfigurationReference = CBD1AAC53FBF28FEB3E7D873 /* Pods-Hitch.release.xcconfig */;
			buildSettings = {
				ASSETCATALOG_COMPILER_APPICON_NAME = AppIcon;
				CLANG_ENABLE_MODULES = YES;
				DEVELOPMENT_TEAM = DXHFQAJZ38;
				INFOPLIST_FILE = Hitch/Info.plist;
				LD_RUNPATH_SEARCH_PATHS = "$(inherited) @executable_path/Frameworks";
				PRODUCT_BUNDLE_IDENTIFIER = com.geek.Hitch;
				PRODUCT_NAME = "$(TARGET_NAME)";
				SWIFT_OBJC_BRIDGING_HEADER = "Hitch/Hitch-Bridging-Header.h";
				SWIFT_SWIFT3_OBJC_INFERENCE = On;
				SWIFT_VERSION = 4.0;
				TARGETED_DEVICE_FAMILY = 1;
			};
			name = Release;
		};
/* End XCBuildConfiguration section */

/* Begin XCConfigurationList section */
		BD44B1CB1F1F5268008324C2 /* Build configuration list for PBXProject "Hitch" */ = {
			isa = XCConfigurationList;
			buildConfigurations = (
				BD44B1E01F1F5268008324C2 /* Debug */,
				BD44B1E11F1F5268008324C2 /* Release */,
			);
			defaultConfigurationIsVisible = 0;
			defaultConfigurationName = Release;
		};
		BD44B1E21F1F5268008324C2 /* Build configuration list for PBXNativeTarget "Hitch" */ = {
			isa = XCConfigurationList;
			buildConfigurations = (
				BD44B1E31F1F5268008324C2 /* Debug */,
				BD44B1E41F1F5268008324C2 /* Release */,
			);
			defaultConfigurationIsVisible = 0;
			defaultConfigurationName = Release;
		};
/* End XCConfigurationList section */
	};
	rootObject = BD44B1C81F1F5268008324C2 /* Project object */;
}
