// !$*UTF8*$!
{
	archiveVersion = 1;
	classes = {
	};
	objectVersion = 46;
	objects = {

/* Begin PBXBuildFile section */
		386520B5D9752DD463758155 /* libPods-Hitch.a in Frameworks */ = {isa = PBXBuildFile; fileRef = DE07EE5180C4CB9D3FA9B7AA /* libPods-Hitch.a */; };
		7165762E1F3EE104002A7CDB /* LOGIN.swift in Sources */ = {isa = PBXBuildFile; fileRef = 7165762D1F3EE104002A7CDB /* LOGIN.swift */; };
		716576341F3EE588002A7CDB /* TakeATour.swift in Sources */ = {isa = PBXBuildFile; fileRef = 716576331F3EE588002A7CDB /* TakeATour.swift */; };
		716576361F3EE5DF002A7CDB /* Register.swift in Sources */ = {isa = PBXBuildFile; fileRef = 716576351F3EE5DF002A7CDB /* Register.swift */; };
		716576381F3EE686002A7CDB /* CANCEL.swift in Sources */ = {isa = PBXBuildFile; fileRef = 716576371F3EE686002A7CDB /* CANCEL.swift */; };
		71BEEB781F3EEB5C000C0F15 /* User.swift in Sources */ = {isa = PBXBuildFile; fileRef = 71BEEB771F3EEB5C000C0F15 /* User.swift */; };
		71BEEB7A1F3EEBC4000C0F15 /* Event.swift in Sources */ = {isa = PBXBuildFile; fileRef = 71BEEB791F3EEBC4000C0F15 /* Event.swift */; };
		BD25F3D01F21E65F000B5487 /* SFProDisplay-Bold.otf in Resources */ = {isa = PBXBuildFile; fileRef = BD25F3CF1F21E65F000B5487 /* SFProDisplay-Bold.otf */; };
		BD44B1D41F1F5268008324C2 /* AppDelegate.swift in Sources */ = {isa = PBXBuildFile; fileRef = BD44B1D31F1F5268008324C2 /* AppDelegate.swift */; };
		BD44B1D61F1F5268008324C2 /* ViewController.swift in Sources */ = {isa = PBXBuildFile; fileRef = BD44B1D51F1F5268008324C2 /* ViewController.swift */; };
		BD44B1DB1F1F5268008324C2 /* Assets.xcassets in Resources */ = {isa = PBXBuildFile; fileRef = BD44B1DA1F1F5268008324C2 /* Assets.xcassets */; };
		BD44B1DE1F1F5268008324C2 /* LaunchScreen.storyboard in Resources */ = {isa = PBXBuildFile; fileRef = BD44B1DC1F1F5268008324C2 /* LaunchScreen.storyboard */; };
		BD44B2051F21D4BA008324C2 /* BlackButton.swift in Sources */ = {isa = PBXBuildFile; fileRef = BD44B2041F21D4BA008324C2 /* BlackButton.swift */; };
		BD44B2071F21DACF008324C2 /* WhiteButton.swift in Sources */ = {isa = PBXBuildFile; fileRef = BD44B2061F21DACF008324C2 /* WhiteButton.swift */; };
		BD5792CC1F40248300E4AC30 /* UI.swift in Sources */ = {isa = PBXBuildFile; fileRef = BD5792CB1F40248300E4AC30 /* UI.swift */; };
		BD5792D11F402BF100E4AC30 /* Main.storyboard in Resources */ = {isa = PBXBuildFile; fileRef = BD5792CF1F402BF100E4AC30 /* Main.storyboard */; };
		BD5792D31F402DEF00E4AC30 /* WhiteActivityView.swift in Sources */ = {isa = PBXBuildFile; fileRef = BD5792D21F402DEF00E4AC30 /* WhiteActivityView.swift */; };
		BD5792D51F402EC500E4AC30 /* BlackActivityView.swift in Sources */ = {isa = PBXBuildFile; fileRef = BD5792D41F402EC500E4AC30 /* BlackActivityView.swift */; };
		BD5792D71F402FB200E4AC30 /* WhiteTableCellView.swift in Sources */ = {isa = PBXBuildFile; fileRef = BD5792D61F402FB200E4AC30 /* WhiteTableCellView.swift */; };
		BD5792D91F402FE600E4AC30 /* BlackTableCellView.swift in Sources */ = {isa = PBXBuildFile; fileRef = BD5792D81F402FE600E4AC30 /* BlackTableCellView.swift */; };
		BD5792E01F40370700E4AC30 /* contacts_2x.png in Resources */ = {isa = PBXBuildFile; fileRef = BD5792DC1F40370700E4AC30 /* contacts_2x.png */; };
		BD5792E11F40370700E4AC30 /* mostviewed_2x.png in Resources */ = {isa = PBXBuildFile; fileRef = BD5792DD1F40370700E4AC30 /* mostviewed_2x.png */; };
		BD5792E21F40370700E4AC30 /* compose_2x.png in Resources */ = {isa = PBXBuildFile; fileRef = BD5792DE1F40370700E4AC30 /* compose_2x.png */; };
		BD5792E31F40370700E4AC30 /* map_2x.png in Resources */ = {isa = PBXBuildFile; fileRef = BD5792DF1F40370700E4AC30 /* map_2x.png */; };
		BD5792F31F41708100E4AC30 /* LaunchScreen.jpg in Resources */ = {isa = PBXBuildFile; fileRef = BD5792F21F41708100E4AC30 /* LaunchScreen.jpg */; };
/* End PBXBuildFile section */

/* Begin PBXFileReference section */
		7165762D1F3EE104002A7CDB /* LOGIN.swift */ = {isa = PBXFileReference; fileEncoding = 4; lastKnownFileType = sourcecode.swift; path = LOGIN.swift; sourceTree = "<group>"; };
		716576331F3EE588002A7CDB /* TakeATour.swift */ = {isa = PBXFileReference; fileEncoding = 4; lastKnownFileType = sourcecode.swift; path = TakeATour.swift; sourceTree = "<group>"; };
		716576351F3EE5DF002A7CDB /* Register.swift */ = {isa = PBXFileReference; fileEncoding = 4; lastKnownFileType = sourcecode.swift; path = Register.swift; sourceTree = "<group>"; };
		716576371F3EE686002A7CDB /* CANCEL.swift */ = {isa = PBXFileReference; fileEncoding = 4; lastKnownFileType = sourcecode.swift; path = CANCEL.swift; sourceTree = "<group>"; };
		71BEEB771F3EEB5C000C0F15 /* User.swift */ = {isa = PBXFileReference; lastKnownFileType = sourcecode.swift; path = User.swift; sourceTree = "<group>"; };
		71BEEB791F3EEBC4000C0F15 /* Event.swift */ = {isa = PBXFileReference; lastKnownFileType = sourcecode.swift; path = Event.swift; sourceTree = "<group>"; };
		97B6382E04D54A7FDE38AFE4 /* Pods-Hitch.debug.xcconfig */ = {isa = PBXFileReference; includeInIndex = 1; lastKnownFileType = text.xcconfig; name = "Pods-Hitch.debug.xcconfig"; path = "Pods/Target Support Files/Pods-Hitch/Pods-Hitch.debug.xcconfig"; sourceTree = "<group>"; };
		BD25F3CF1F21E65F000B5487 /* SFProDisplay-Bold.otf */ = {isa = PBXFileReference; lastKnownFileType = file; path = "SFProDisplay-Bold.otf"; sourceTree = "<group>"; };
		BD44B1D01F1F5268008324C2 /* Hitch.app */ = {isa = PBXFileReference; explicitFileType = wrapper.application; includeInIndex = 0; path = Hitch.app; sourceTree = BUILT_PRODUCTS_DIR; };
		BD44B1D31F1F5268008324C2 /* AppDelegate.swift */ = {isa = PBXFileReference; lastKnownFileType = sourcecode.swift; path = AppDelegate.swift; sourceTree = "<group>"; };
		BD44B1D51F1F5268008324C2 /* ViewController.swift */ = {isa = PBXFileReference; lastKnownFileType = sourcecode.swift; path = ViewController.swift; sourceTree = "<group>"; };
		BD44B1DA1F1F5268008324C2 /* Assets.xcassets */ = {isa = PBXFileReference; lastKnownFileType = folder.assetcatalog; path = Assets.xcassets; sourceTree = "<group>"; };
		BD44B1DD1F1F5268008324C2 /* Base */ = {isa = PBXFileReference; lastKnownFileType = file.storyboard; name = Base; path = Base.lproj/LaunchScreen.storyboard; sourceTree = "<group>"; };
		BD44B1DF1F1F5268008324C2 /* Info.plist */ = {isa = PBXFileReference; lastKnownFileType = text.plist.xml; path = Info.plist; sourceTree = "<group>"; };
		BD44B1E61F1F52EA008324C2 /* MAMapKit.framework */ = {isa = PBXFileReference; lastKnownFileType = wrapper.framework; name = MAMapKit.framework; path = ../../Downloads/MAMapKit.framework; sourceTree = "<group>"; };
		BD44B1E81F1F52FB008324C2 /* AMapFoundationKit.framework */ = {isa = PBXFileReference; lastKnownFileType = wrapper.framework; name = AMapFoundationKit.framework; path = ../../Downloads/AMapFoundationKit.framework; sourceTree = "<group>"; };
		BD44B1EB1F209728008324C2 /* Hitch-Bridging-Header.h */ = {isa = PBXFileReference; lastKnownFileType = sourcecode.c.h; path = "Hitch-Bridging-Header.h"; sourceTree = "<group>"; };
		BD44B2041F21D4BA008324C2 /* BlackButton.swift */ = {isa = PBXFileReference; fileEncoding = 4; lastKnownFileType = sourcecode.swift; path = BlackButton.swift; sourceTree = "<group>"; };
		BD44B2061F21DACF008324C2 /* WhiteButton.swift */ = {isa = PBXFileReference; fileEncoding = 4; lastKnownFileType = sourcecode.swift; path = WhiteButton.swift; sourceTree = "<group>"; };
		BD5792CB1F40248300E4AC30 /* UI.swift */ = {isa = PBXFileReference; fileEncoding = 4; lastKnownFileType = sourcecode.swift; path = UI.swift; sourceTree = "<group>"; };
		BD5792D01F402BF100E4AC30 /* Base */ = {isa = PBXFileReference; lastKnownFileType = file.storyboard; name = Base; path = Base.lproj/Main.storyboard; sourceTree = "<group>"; };
		BD5792D21F402DEF00E4AC30 /* WhiteActivityView.swift */ = {isa = PBXFileReference; fileEncoding = 4; lastKnownFileType = sourcecode.swift; path = WhiteActivityView.swift; sourceTree = "<group>"; };
		BD5792D41F402EC500E4AC30 /* BlackActivityView.swift */ = {isa = PBXFileReference; fileEncoding = 4; lastKnownFileType = sourcecode.swift; path = BlackActivityView.swift; sourceTree = "<group>"; };
		BD5792D61F402FB200E4AC30 /* WhiteTableCellView.swift */ = {isa = PBXFileReference; fileEncoding = 4; lastKnownFileType = sourcecode.swift; path = WhiteTableCellView.swift; sourceTree = "<group>"; };
		BD5792D81F402FE600E4AC30 /* BlackTableCellView.swift */ = {isa = PBXFileReference; fileEncoding = 4; lastKnownFileType = sourcecode.swift; path = BlackTableCellView.swift; sourceTree = "<group>"; };
		BD5792DC1F40370700E4AC30 /* contacts_2x.png */ = {isa = PBXFileReference; lastKnownFileType = image.png; path = contacts_2x.png; sourceTree = "<group>"; };
		BD5792DD1F40370700E4AC30 /* mostviewed_2x.png */ = {isa = PBXFileReference; lastKnownFileType = image.png; path = mostviewed_2x.png; sourceTree = "<group>"; };
		BD5792DE1F40370700E4AC30 /* compose_2x.png */ = {isa = PBXFileReference; lastKnownFileType = image.png; path = compose_2x.png; sourceTree = "<group>"; };
		BD5792DF1F40370700E4AC30 /* map_2x.png */ = {isa = PBXFileReference; lastKnownFileType = image.png; path = map_2x.png; sourceTree = "<group>"; };
		BD5792F21F41708100E4AC30 /* LaunchScreen.jpg */ = {isa = PBXFileReference; lastKnownFileType = image.jpeg; path = LaunchScreen.jpg; sourceTree = "<group>"; };
		CBD1AAC53FBF28FEB3E7D873 /* Pods-Hitch.release.xcconfig */ = {isa = PBXFileReference; includeInIndex = 1; lastKnownFileType = text.xcconfig; name = "Pods-Hitch.release.xcconfig"; path = "Pods/Target Support Files/Pods-Hitch/Pods-Hitch.release.xcconfig"; sourceTree = "<group>"; };
		DE07EE5180C4CB9D3FA9B7AA /* libPods-Hitch.a */ = {isa = PBXFileReference; explicitFileType = archive.ar; includeInIndex = 0; path = "libPods-Hitch.a"; sourceTree = BUILT_PRODUCTS_DIR; };
/* End PBXFileReference section */

/* Begin PBXFrameworksBuildPhase section */
		BD44B1CD1F1F5268008324C2 /* Frameworks */ = {
			isa = PBXFrameworksBuildPhase;
			buildActionMask = 2147483647;
			files = (
				386520B5D9752DD463758155 /* libPods-Hitch.a in Frameworks */,
			);
			runOnlyForDeploymentPostprocessing = 0;
		};
/* End PBXFrameworksBuildPhase section */

/* Begin PBXGroup section */
		650FDE2A47865391AF746BFA /* Pods */ = {
			isa = PBXGroup;
			children = (
				97B6382E04D54A7FDE38AFE4 /* Pods-Hitch.debug.xcconfig */,
				CBD1AAC53FBF28FEB3E7D873 /* Pods-Hitch.release.xcconfig */,
			);
			name = Pods;
			sourceTree = "<group>";
		};
		BD44B1C71F1F5268008324C2 = {
			isa = PBXGroup;
			children = (
				BD44B2011F21CBE2008324C2 /* UI */,
				BD44B1D21F1F5268008324C2 /* Hitch */,
				BD44B1D11F1F5268008324C2 /* Products */,
				BD44B1E51F1F52EA008324C2 /* Frameworks */,
				650FDE2A47865391AF746BFA /* Pods */,
			);
			sourceTree = "<group>";
		};
		BD44B1D11F1F5268008324C2 /* Products */ = {
			isa = PBXGroup;
			children = (
				BD44B1D01F1F5268008324C2 /* Hitch.app */,
			);
			name = Products;
			sourceTree = "<group>";
		};
		BD44B1D21F1F5268008324C2 /* Hitch */ = {
			isa = PBXGroup;
			children = (
				BD44B1D31F1F5268008324C2 /* AppDelegate.swift */,
				BD44B1D51F1F5268008324C2 /* ViewController.swift */,
				BD44B1DA1F1F5268008324C2 /* Assets.xcassets */,
				BD5792DC1F40370700E4AC30 /* contacts_2x.png */,
				BD5792DD1F40370700E4AC30 /* mostviewed_2x.png */,
				BD5792DE1F40370700E4AC30 /* compose_2x.png */,
				BD5792F21F41708100E4AC30 /* LaunchScreen.jpg */,
				BD5792DF1F40370700E4AC30 /* map_2x.png */,
				BD5792CF1F402BF100E4AC30 /* Main.storyboard */,
				BD44B1DC1F1F5268008324C2 /* LaunchScreen.storyboard */,
				BD44B1DF1F1F5268008324C2 /* Info.plist */,
				BD44B1EB1F209728008324C2 /* Hitch-Bridging-Header.h */,
				71BEEB771F3EEB5C000C0F15 /* User.swift */,
				71BEEB791F3EEBC4000C0F15 /* Event.swift */,
			);
			path = Hitch;
			sourceTree = "<group>";
		};
		BD44B1E51F1F52EA008324C2 /* Frameworks */ = {
			isa = PBXGroup;
			children = (
				BD44B1E81F1F52FB008324C2 /* AMapFoundationKit.framework */,
				BD44B1E61F1F52EA008324C2 /* MAMapKit.framework */,
				DE07EE5180C4CB9D3FA9B7AA /* libPods-Hitch.a */,
			);
			name = Frameworks;
			sourceTree = "<group>";
		};
		BD44B2011F21CBE2008324C2 /* UI */ = {
			isa = PBXGroup;
			children = (
				BD5792D21F402DEF00E4AC30 /* WhiteActivityView.swift */,
				BD5792CB1F40248300E4AC30 /* UI.swift */,
				BD25F3CF1F21E65F000B5487 /* SFProDisplay-Bold.otf */,
				BD44B2041F21D4BA008324C2 /* BlackButton.swift */,
				BD44B2061F21DACF008324C2 /* WhiteButton.swift */,
				7165762D1F3EE104002A7CDB /* LOGIN.swift */,
				716576331F3EE588002A7CDB /* TakeATour.swift */,
				716576351F3EE5DF002A7CDB /* Register.swift */,
				716576371F3EE686002A7CDB /* CANCEL.swift */,
				BD5792D41F402EC500E4AC30 /* BlackActivityView.swift */,
				BD5792D61F402FB200E4AC30 /* WhiteTableCellView.swift */,
				BD5792D81F402FE600E4AC30 /* BlackTableCellView.swift */,
			);
			name = UI;
			sourceTree = "<group>";
		};
/* End PBXGroup section */

/* Begin PBXNativeTarget section */
		BD44B1CF1F1F5268008324C2 /* Hitch */ = {
			isa = PBXNativeTarget;
			buildConfigurationList = BD44B1E21F1F5268008324C2 /* Build configuration list for PBXNativeTarget "Hitch" */;
			buildPhases = (
				B0822BA053DDFF3B64F57C34 /* [CP] Check Pods Manifest.lock */,
				BD44B1CC1F1F5268008324C2 /* Sources */,
				BD44B1CD1F1F5268008324C2 /* Frameworks */,
				BD44B1CE1F1F5268008324C2 /* Resources */,
				278631C70F0F8EABE900CC6E /* [CP] Embed Pods Frameworks */,
				FF0815EE54744810439F2F04 /* [CP] Copy Pods Resources */,
			);
			buildRules = (
			);
			dependencies = (
			);
			name = Hitch;
			productName = Hitch;
			productReference = BD44B1D01F1F5268008324C2 /* Hitch.app */;
			productType = "com.apple.product-type.application";
		};
/* End PBXNativeTarget section */

/* Begin PBXProject section */
		BD44B1C81F1F5268008324C2 /* Project object */ = {
			isa = PBXProject;
			attributes = {
				LastSwiftUpdateCheck = 0830;
				LastUpgradeCheck = 0830;
				ORGANIZATIONNAME = geek;
				TargetAttributes = {
					BD44B1CF1F1F5268008324C2 = {
						CreatedOnToolsVersion = 8.3;
						DevelopmentTeam = DXHFQAJZ38;
						LastSwiftMigration = 0830;
						ProvisioningStyle = Automatic;
					};
				};
			};
			buildConfigurationList = BD44B1CB1F1F5268008324C2 /* Build configuration list for PBXProject "Hitch" */;
			compatibilityVersion = "Xcode 3.2";
			developmentRegion = English;
			hasScannedForEncodings = 0;
			knownRegions = (
				en,
				Base,
			);
			mainGroup = BD44B1C71F1F5268008324C2;
			productRefGroup = BD44B1D11F1F5268008324C2 /* Products */;
			projectDirPath = "";
			projectRoot = "";
			targets = (
				BD44B1CF1F1F5268008324C2 /* Hitch */,
			);
		};
/* End PBXProject section */

/* Begin PBXResourcesBuildPhase section */
		BD44B1CE1F1F5268008324C2 /* Resources */ = {
			isa = PBXResourcesBuildPhase;
			buildActionMask = 2147483647;
			files = (
				BD44B1DE1F1F5268008324C2 /* LaunchScreen.storyboard in Resources */,
				BD44B1DB1F1F5268008324C2 /* Assets.xcassets in Resources */,
				BD5792E11F40370700E4AC30 /* mostviewed_2x.png in Resources */,
				BD5792E01F40370700E4AC30 /* contacts_2x.png in Resources */,
				BD25F3D01F21E65F000B5487 /* SFProDisplay-Bold.otf in Resources */,
				BD5792F31F41708100E4AC30 /* LaunchScreen.jpg in Resources */,
				BD5792E21F40370700E4AC30 /* compose_2x.png in Resources */,
				BD5792E31F40370700E4AC30 /* map_2x.png in Resources */,
				BD5792D11F402BF100E4AC30 /* Main.storyboard in Resources */,
			);
			runOnlyForDeploymentPostprocessing = 0;
		};
/* End PBXResourcesBuildPhase section */

/* Begin PBXShellScriptBuildPhase section */
		278631C70F0F8EABE900CC6E /* [CP] Embed Pods Frameworks */ = {
			isa = PBXShellScriptBuildPhase;
			buildActionMask = 2147483647;
			files = (
			);
			inputPaths = (
			);
			name = "[CP] Embed Pods Frameworks";
			outputPaths = (
			);
			runOnlyForDeploymentPostprocessing = 0;
			shellPath = /bin/sh;
			shellScript = "\"${SRCROOT}/Pods/Target Support Files/Pods-Hitch/Pods-Hitch-frameworks.sh\"\n";
			showEnvVarsInLog = 0;
		};
		B0822BA053DDFF3B64F57C34 /* [CP] Check Pods Manifest.lock */ = {
			isa = PBXShellScriptBuildPhase;
			buildActionMask = 2147483647;
			files = (
			);
			inputPaths = (
			);
			name = "[CP] Check Pods Manifest.lock";
			outputPaths = (
			);
			runOnlyForDeploymentPostprocessing = 0;
			shellPath = /bin/sh;
			shellScript = "diff \"${PODS_PODFILE_DIR_PATH}/Podfile.lock\" \"${PODS_ROOT}/Manifest.lock\" > /dev/null\nif [ $? != 0 ] ; then\n    # print error to STDERR\n    echo \"error: The sandbox is not in sync with the Podfile.lock. Run 'pod install' or update your CocoaPods installation.\" >&2\n    exit 1\nfi\n";
			showEnvVarsInLog = 0;
		};
		FF0815EE54744810439F2F04 /* [CP] Copy Pods Resources */ = {
			isa = PBXShellScriptBuildPhase;
			buildActionMask = 2147483647;
			files = (
			);
			inputPaths = (
			);
			name = "[CP] Copy Pods Resources";
			outputPaths = (
			);
			runOnlyForDeploymentPostprocessing = 0;
			shellPath = /bin/sh;
			shellScript = "\"${SRCROOT}/Pods/Target Support Files/Pods-Hitch/Pods-Hitch-resources.sh\"\n";
			showEnvVarsInLog = 0;
		};
/* End PBXShellScriptBuildPhase section */

/* Begin PBXSourcesBuildPhase section */
		BD44B1CC1F1F5268008324C2 /* Sources */ = {
			isa = PBXSourcesBuildPhase;
			buildActionMask = 2147483647;
			files = (
				BD44B1D61F1F5268008324C2 /* ViewController.swift in Sources */,
				BD5792D71F402FB200E4AC30 /* WhiteTableCellView.swift in Sources */,
				71BEEB7A1F3EEBC4000C0F15 /* Event.swift in Sources */,
				BD5792CC1F40248300E4AC30 /* UI.swift in Sources */,
				BD5792D51F402EC500E4AC30 /* BlackActivityView.swift in Sources */,
				716576341F3EE588002A7CDB /* TakeATour.swift in Sources */,
				BD44B2051F21D4BA008324C2 /* BlackButton.swift in Sources */,
				7165762E1F3EE104002A7CDB /* LOGIN.swift in Sources */,
				716576381F3EE686002A7CDB /* CANCEL.swift in Sources */,
				BD44B1D41F1F5268008324C2 /* AppDelegate.swift in Sources */,
				BD5792D91F402FE600E4AC30 /* BlackTableCellView.swift in Sources */,
				716576361F3EE5DF002A7CDB /* Register.swift in Sources */,
				71BEEB781F3EEB5C000C0F15 /* User.swift in Sources */,
				BD44B2071F21DACF008324C2 /* WhiteButton.swift in Sources */,
				BD5792D31F402DEF00E4AC30 /* WhiteActivityView.swift in Sources */,
			);
			runOnlyForDeploymentPostprocessing = 0;
		};
/* End PBXSourcesBuildPhase section */

/* Begin PBXVariantGroup section */
		BD44B1DC1F1F5268008324C2 /* LaunchScreen.storyboard */ = {
			isa = PBXVariantGroup;
			children = (
				BD44B1DD1F1F5268008324C2 /* Base */,
			);
			name = LaunchScreen.storyboard;
			sourceTree = "<group>";
		};
		BD5792CF1F402BF100E4AC30 /* Main.storyboard */ = {
			isa = PBXVariantGroup;
			children = (
				BD5792D01F402BF100E4AC30 /* Base */,
			);
			name = Main.storyboard;
			sourceTree = "<group>";
		};
/* End PBXVariantGroup section */

/* Begin XCBuildConfiguration section */
		BD44B1E01F1F5268008324C2 /* Debug */ = {
			isa = XCBuildConfiguration;
			buildSettings = {
				ALWAYS_SEARCH_USER_PATHS = NO;
				CLANG_ANALYZER_NONNULL = YES;
				CLANG_ANALYZER_NUMBER_OBJECT_CONVERSION = YES_AGGRESSIVE;
				CLANG_CXX_LANGUAGE_STANDARD = "gnu++0x";
				CLANG_CXX_LIBRARY = "libc++";
				CLANG_ENABLE_MODULES = YES;
				CLANG_ENABLE_OBJC_ARC = YES;
				CLANG_WARN_BOOL_CONVERSION = YES;
				CLANG_WARN_CONSTANT_CONVERSION = YES;
				CLANG_WARN_DIRECT_OBJC_ISA_USAGE = YES_ERROR;
				CLANG_WARN_DOCUMENTATION_COMMENTS = YES;
				CLANG_WARN_EMPTY_BODY = YES;
				CLANG_WARN_ENUM_CONVERSION = YES;
				CLANG_WARN_INFINITE_RECURSION = YES;
				CLANG_WARN_INT_CONVERSION = YES;
				CLANG_WARN_OBJC_ROOT_CLASS = YES_ERROR;
				CLANG_WARN_SUSPICIOUS_MOVE = YES;
				CLANG_WARN_UNREACHABLE_CODE = YES;
				CLANG_WARN__DUPLICATE_METHOD_MATCH = YES;
				"CODE_SIGN_IDENTITY[sdk=iphoneos*]" = "iPhone Developer";
				COPY_PHASE_STRIP = NO;
				DEBUG_INFORMATION_FORMAT = dwarf;
				ENABLE_STRICT_OBJC_MSGSEND = YES;
				ENABLE_TESTABILITY = YES;
				GCC_C_LANGUAGE_STANDARD = gnu99;
				GCC_DYNAMIC_NO_PIC = NO;
				GCC_NO_COMMON_BLOCKS = YES;
				GCC_OPTIMIZATION_LEVEL = 0;
				GCC_PREPROCESSOR_DEFINITIONS = (
					"DEBUG=1",
					"$(inherited)",
				);
				GCC_WARN_64_TO_32_BIT_CONVERSION = YES;
				GCC_WARN_ABOUT_RETURN_TYPE = YES_ERROR;
				GCC_WARN_UNDECLARED_SELECTOR = YES;
				GCC_WARN_UNINITIALIZED_AUTOS = YES_AGGRESSIVE;
				GCC_WARN_UNUSED_FUNCTION = YES;
				GCC_WARN_UNUSED_VARIABLE = YES;
				IPHONEOS_DEPLOYMENT_TARGET = 10.3;
				MTL_ENABLE_DEBUG_INFO = YES;
				ONLY_ACTIVE_ARCH = YES;
				SDKROOT = iphoneos;
				SWIFT_ACTIVE_COMPILATION_CONDITIONS = DEBUG;
				SWIFT_OPTIMIZATION_LEVEL = "-Onone";
			};
			name = Debug;
		};
		BD44B1E11F1F5268008324C2 /* Release */ = {
			isa = XCBuildConfiguration;
			buildSettings = {
				ALWAYS_SEARCH_USER_PATHS = NO;
				CLANG_ANALYZER_NONNULL = YES;
				CLANG_ANALYZER_NUMBER_OBJECT_CONVERSION = YES_AGGRESSIVE;
				CLANG_CXX_LANGUAGE_STANDARD = "gnu++0x";
				CLANG_CXX_LIBRARY = "libc++";
				CLANG_ENABLE_MODULES = YES;
				CLANG_ENABLE_OBJC_ARC = YES;
				CLANG_WARN_BOOL_CONVERSION = YES;
				CLANG_WARN_CONSTANT_CONVERSION = YES;
				CLANG_WARN_DIRECT_OBJC_ISA_USAGE = YES_ERROR;
				CLANG_WARN_DOCUMENTATION_COMMENTS = YES;
				CLANG_WARN_EMPTY_BODY = YES;
				CLANG_WARN_ENUM_CONVERSION = YES;
				CLANG_WARN_INFINITE_RECURSION = YES;
				CLANG_WARN_INT_CONVERSION = YES;
				CLANG_WARN_OBJC_ROOT_CLASS = YES_ERROR;
				CLANG_WARN_SUSPICIOUS_MOVE = YES;
				CLANG_WARN_UNREACHABLE_CODE = YES;
				CLANG_WARN__DUPLICATE_METHOD_MATCH = YES;
				"CODE_SIGN_IDENTITY[sdk=iphoneos*]" = "iPhone Developer";
				COPY_PHASE_STRIP = NO;
				DEBUG_INFORMATION_FORMAT = "dwarf-with-dsym";
				ENABLE_NS_ASSERTIONS = NO;
				ENABLE_STRICT_OBJC_MSGSEND = YES;
				GCC_C_LANGUAGE_STANDARD = gnu99;
				GCC_NO_COMMON_BLOCKS = YES;
				GCC_WARN_64_TO_32_BIT_CONVERSION = YES;
				GCC_WARN_ABOUT_RETURN_TYPE = YES_ERROR;
				GCC_WARN_UNDECLARED_SELECTOR = YES;
				GCC_WARN_UNINITIALIZED_AUTOS = YES_AGGRESSIVE;
				GCC_WARN_UNUSED_FUNCTION = YES;
				GCC_WARN_UNUSED_VARIABLE = YES;
				IPHONEOS_DEPLOYMENT_TARGET = 10.3;
				MTL_ENABLE_DEBUG_INFO = NO;
				SDKROOT = iphoneos;
				SWIFT_OPTIMIZATION_LEVEL = "-Owholemodule";
				VALIDATE_PRODUCT = YES;
			};
			name = Release;
		};
		BD44B1E31F1F5268008324C2 /* Debug */ = {
			isa = XCBuildConfiguration;
			baseConfigurationReference = 97B6382E04D54A7FDE38AFE4 /* Pods-Hitch.debug.xcconfig */;
			buildSettings = {
				ASSETCATALOG_COMPILER_APPICON_NAME = AppIcon;
				CLANG_ENABLE_MODULES = YES;
				DEVELOPMENT_TEAM = DXHFQAJZ38;
				INFOPLIST_FILE = Hitch/Info.plist;
				LD_RUNPATH_SEARCH_PATHS = "$(inherited) @executable_path/Frameworks";
				PRODUCT_BUNDLE_IDENTIFIER = com.geek.Hitch;
				PRODUCT_NAME = "$(TARGET_NAME)";
				SWIFT_OBJC_BRIDGING_HEADER = "Hitch/Hitch-Bridging-Header.h";
				SWIFT_OPTIMIZATION_LEVEL = "-Onone";
				SWIFT_VERSION = 3.0;
			};
			name = Debug;
		};
		BD44B1E41F1F5268008324C2 /* Release */ = {
			isa = XCBuildConfiguration;
			baseConfigurationReference = CBD1AAC53FBF28FEB3E7D873 /* Pods-Hitch.release.xcconfig */;
			buildSettings = {
				ASSETCATALOG_COMPILER_APPICON_NAME = AppIcon;
				CLANG_ENABLE_MODULES = YES;
				DEVELOPMENT_TEAM = DXHFQAJZ38;
				INFOPLIST_FILE = Hitch/Info.plist;
				LD_RUNPATH_SEARCH_PATHS = "$(inherited) @executable_path/Frameworks";
				PRODUCT_BUNDLE_IDENTIFIER = com.geek.Hitch;
				PRODUCT_NAME = "$(TARGET_NAME)";
				SWIFT_OBJC_BRIDGING_HEADER = "Hitch/Hitch-Bridging-Header.h";
				SWIFT_VERSION = 3.0;
			};
			name = Release;
		};
/* End XCBuildConfiguration section */

/* Begin XCConfigurationList section */
		BD44B1CB1F1F5268008324C2 /* Build configuration list for PBXProject "Hitch" */ = {
			isa = XCConfigurationList;
			buildConfigurations = (
				BD44B1E01F1F5268008324C2 /* Debug */,
				BD44B1E11F1F5268008324C2 /* Release */,
			);
			defaultConfigurationIsVisible = 0;
			defaultConfigurationName = Release;
		};
		BD44B1E21F1F5268008324C2 /* Build configuration list for PBXNativeTarget "Hitch" */ = {
			isa = XCConfigurationList;
			buildConfigurations = (
				BD44B1E31F1F5268008324C2 /* Debug */,
				BD44B1E41F1F5268008324C2 /* Release */,
			);
			defaultConfigurationIsVisible = 0;
			defaultConfigurationName = Release;
		};
/* End XCConfigurationList section */
	};
	rootObject = BD44B1C81F1F5268008324C2 /* Project object */;
}
